// !$*UTF8*$!
{
	archiveVersion = 1;
	classes = {
	};
	objectVersion = 77;
	objects = {

/* Begin PBXBuildFile section */
		56214A0D2DE8FB7A00B5E2FE /* Preview Assets.xcassets in Resources */ = {isa = PBXBuildFile; fileRef = 56214A062DE8FB7A00B5E2FE /* Preview Assets.xcassets */; };
		56214A0E2DE8FB7A00B5E2FE /* Assets.xcassets in Resources */ = {isa = PBXBuildFile; fileRef = 56214A082DE8FB7A00B5E2FE /* Assets.xcassets */; };
		56214A0F2DE8FB7A00B5E2FE /* HomeView.swift in Sources */ = {isa = PBXBuildFile; fileRef = 56214A092DE8FB7A00B5E2FE /* HomeView.swift */; };
		56214A102DE8FB7A00B5E2FE /* CurrencyConverterApp.swift in Sources */ = {isa = PBXBuildFile; fileRef = 56214A0A2DE8FB7A00B5E2FE /* CurrencyConverterApp.swift */; };
		56214A112DE8FB7A00B5E2FE /* Item.swift in Sources */ = {isa = PBXBuildFile; fileRef = 56214A0B2DE8FB7A00B5E2FE /* Item.swift */; };
		56214A142DE8FE4800B5E2FE /* Currency.swift in Sources */ = {isa = PBXBuildFile; fileRef = 56214A132DE8FE4800B5E2FE /* Currency.swift */; };
		56214A162DE9004400B5E2FE /* ConvertationView.swift in Sources */ = {isa = PBXBuildFile; fileRef = 56214A152DE9004400B5E2FE /* ConvertationView.swift */; };
		56214A182DE9004A00B5E2FE /* HistoryView.swift in Sources */ = {isa = PBXBuildFile; fileRef = 56214A172DE9004A00B5E2FE /* HistoryView.swift */; };
		56214A1A2DE914CD00B5E2FE /* CurrencyPickerView.swift in Sources */ = {isa = PBXBuildFile; fileRef = 56214A192DE914CD00B5E2FE /* CurrencyPickerView.swift */; };
		56214A1C2DE914E700B5E2FE /* CurrencyOutputView.swift in Sources */ = {isa = PBXBuildFile; fileRef = 56214A1B2DE914E700B5E2FE /* CurrencyOutputView.swift */; };
		56214A1E2DE9150600B5E2FE /* CurrencyInputView.swift in Sources */ = {isa = PBXBuildFile; fileRef = 56214A1D2DE9150600B5E2FE /* CurrencyInputView.swift */; };
		56214A222DE91BEB00B5E2FE /* CurrencyService.swift in Sources */ = {isa = PBXBuildFile; fileRef = 56214A212DE91BEB00B5E2FE /* CurrencyService.swift */; };
		56214A282DE9231C00B5E2FE /* LatestRateResponse.swift in Sources */ = {isa = PBXBuildFile; fileRef = 56214A272DE9231C00B5E2FE /* LatestRateResponse.swift */; };
		56214A2A2DE92B3E00B5E2FE /* URLSession.swift in Sources */ = {isa = PBXBuildFile; fileRef = 56214A292DE92B3E00B5E2FE /* URLSession.swift */; };
		56214A2C2DE92B4900B5E2FE /* UrlBuilder.swift in Sources */ = {isa = PBXBuildFile; fileRef = 56214A2B2DE92B4900B5E2FE /* UrlBuilder.swift */; };
		56214A2F2DE9387800B5E2FE /* CurrencyConverterViewModel.swift in Sources */ = {isa = PBXBuildFile; fileRef = 56214A2E2DE9387800B5E2FE /* CurrencyConverterViewModel.swift */; };
		56214A312DE93E3400B5E2FE /* Config.xcconfig in Resources */ = {isa = PBXBuildFile; fileRef = 56214A302DE93E3400B5E2FE /* Config.xcconfig */; };
		56214A332DE93FDA00B5E2FE /* Environment.swift in Sources */ = {isa = PBXBuildFile; fileRef = 56214A322DE93FDA00B5E2FE /* Environment.swift */; };
		56B78C8B2DEA776E00DA6D01 /* CurrencyCacheService.swift in Sources */ = {isa = PBXBuildFile; fileRef = 56B78C8A2DEA776E00DA6D01 /* CurrencyCacheService.swift */; };
		56B78C8E2DEAF41600DA6D01 /* CachedRates.swift in Sources */ = {isa = PBXBuildFile; fileRef = 56B78C8D2DEAF41600DA6D01 /* CachedRates.swift */; };
		56B78C932DEAFB0800DA6D01 /* HistoryViewModel.swift in Sources */ = {isa = PBXBuildFile; fileRef = 56B78C922DEAFB0800DA6D01 /* HistoryViewModel.swift */; };
/* End PBXBuildFile section */

/* Begin PBXFileReference section */
		562149DD2DE8F7D500B5E2FE /* CurrencyConverter.app */ = {isa = PBXFileReference; explicitFileType = wrapper.application; includeInIndex = 0; path = CurrencyConverter.app; sourceTree = BUILT_PRODUCTS_DIR; };
		56214A062DE8FB7A00B5E2FE /* Preview Assets.xcassets */ = {isa = PBXFileReference; lastKnownFileType = folder.assetcatalog; path = "Preview Assets.xcassets"; sourceTree = "<group>"; };
		56214A082DE8FB7A00B5E2FE /* Assets.xcassets */ = {isa = PBXFileReference; lastKnownFileType = folder.assetcatalog; path = Assets.xcassets; sourceTree = "<group>"; };
		56214A092DE8FB7A00B5E2FE /* HomeView.swift */ = {isa = PBXFileReference; lastKnownFileType = sourcecode.swift; path = HomeView.swift; sourceTree = "<group>"; };
		56214A0A2DE8FB7A00B5E2FE /* CurrencyConverterApp.swift */ = {isa = PBXFileReference; lastKnownFileType = sourcecode.swift; path = CurrencyConverterApp.swift; sourceTree = "<group>"; };
		56214A0B2DE8FB7A00B5E2FE /* Item.swift */ = {isa = PBXFileReference; lastKnownFileType = sourcecode.swift; path = Item.swift; sourceTree = "<group>"; };
		56214A132DE8FE4800B5E2FE /* Currency.swift */ = {isa = PBXFileReference; lastKnownFileType = sourcecode.swift; path = Currency.swift; sourceTree = "<group>"; };
		56214A152DE9004400B5E2FE /* ConvertationView.swift */ = {isa = PBXFileReference; lastKnownFileType = sourcecode.swift; path = ConvertationView.swift; sourceTree = "<group>"; };
		56214A172DE9004A00B5E2FE /* HistoryView.swift */ = {isa = PBXFileReference; lastKnownFileType = sourcecode.swift; path = HistoryView.swift; sourceTree = "<group>"; };
		56214A192DE914CD00B5E2FE /* CurrencyPickerView.swift */ = {isa = PBXFileReference; lastKnownFileType = sourcecode.swift; path = CurrencyPickerView.swift; sourceTree = "<group>"; };
		56214A1B2DE914E700B5E2FE /* CurrencyOutputView.swift */ = {isa = PBXFileReference; lastKnownFileType = sourcecode.swift; path = CurrencyOutputView.swift; sourceTree = "<group>"; };
		56214A1D2DE9150600B5E2FE /* CurrencyInputView.swift */ = {isa = PBXFileReference; lastKnownFileType = sourcecode.swift; path = CurrencyInputView.swift; sourceTree = "<group>"; };
		56214A212DE91BEB00B5E2FE /* CurrencyService.swift */ = {isa = PBXFileReference; lastKnownFileType = sourcecode.swift; path = CurrencyService.swift; sourceTree = "<group>"; };
		56214A272DE9231C00B5E2FE /* LatestRateResponse.swift */ = {isa = PBXFileReference; lastKnownFileType = sourcecode.swift; path = LatestRateResponse.swift; sourceTree = "<group>"; };
		56214A292DE92B3E00B5E2FE /* URLSession.swift */ = {isa = PBXFileReference; lastKnownFileType = sourcecode.swift; path = URLSession.swift; sourceTree = "<group>"; };
		56214A2B2DE92B4900B5E2FE /* UrlBuilder.swift */ = {isa = PBXFileReference; lastKnownFileType = sourcecode.swift; path = UrlBuilder.swift; sourceTree = "<group>"; };
		56214A2E2DE9387800B5E2FE /* CurrencyConverterViewModel.swift */ = {isa = PBXFileReference; lastKnownFileType = sourcecode.swift; path = CurrencyConverterViewModel.swift; sourceTree = "<group>"; };
		56214A302DE93E3400B5E2FE /* Config.xcconfig */ = {isa = PBXFileReference; lastKnownFileType = text.xcconfig; path = Config.xcconfig; sourceTree = "<group>"; };
		56214A322DE93FDA00B5E2FE /* Environment.swift */ = {isa = PBXFileReference; lastKnownFileType = sourcecode.swift; path = Environment.swift; sourceTree = "<group>"; };
		56214A342DE941FB00B5E2FE /* Info.plist */ = {isa = PBXFileReference; lastKnownFileType = text.plist.xml; path = Info.plist; sourceTree = "<group>"; };
		56B78C8A2DEA776E00DA6D01 /* CurrencyCacheService.swift */ = {isa = PBXFileReference; lastKnownFileType = sourcecode.swift; path = CurrencyCacheService.swift; sourceTree = "<group>"; };
		56B78C8D2DEAF41600DA6D01 /* CachedRates.swift */ = {isa = PBXFileReference; lastKnownFileType = sourcecode.swift; path = CachedRates.swift; sourceTree = "<group>"; };
		56B78C922DEAFB0800DA6D01 /* HistoryViewModel.swift */ = {isa = PBXFileReference; lastKnownFileType = sourcecode.swift; path = HistoryViewModel.swift; sourceTree = "<group>"; };
/* End PBXFileReference section */

/* Begin PBXFrameworksBuildPhase section */
		562149DA2DE8F7D500B5E2FE /* Frameworks */ = {
			isa = PBXFrameworksBuildPhase;
			buildActionMask = 2147483647;
			files = (
			);
			runOnlyForDeploymentPostprocessing = 0;
		};
/* End PBXFrameworksBuildPhase section */

/* Begin PBXGroup section */
		562149D42DE8F7D500B5E2FE = {
			isa = PBXGroup;
			children = (
				56214A0C2DE8FB7A00B5E2FE /* CurrencyConverter */,
				562149DE2DE8F7D500B5E2FE /* Products */,
			);
			sourceTree = "<group>";
		};
		562149DE2DE8F7D500B5E2FE /* Products */ = {
			isa = PBXGroup;
			children = (
				562149DD2DE8F7D500B5E2FE /* CurrencyConverter.app */,
			);
			name = Products;
			sourceTree = "<group>";
		};
		56214A072DE8FB7A00B5E2FE /* Preview Content */ = {
			isa = PBXGroup;
			children = (
				56214A062DE8FB7A00B5E2FE /* Preview Assets.xcassets */,
			);
			path = "Preview Content";
			sourceTree = "<group>";
		};
		56214A0C2DE8FB7A00B5E2FE /* CurrencyConverter */ = {
			isa = PBXGroup;
			children = (
				56214A262DE922D400B5E2FE /* Entities */,
				56214A252DE91BFF00B5E2FE /* Logic */,
				56214A122DE8FB7E00B5E2FE /* UI */,
				56214A072DE8FB7A00B5E2FE /* Preview Content */,
				56214A082DE8FB7A00B5E2FE /* Assets.xcassets */,
				56214A342DE941FB00B5E2FE /* Info.plist */,
				56214A0A2DE8FB7A00B5E2FE /* CurrencyConverterApp.swift */,
				56214A0B2DE8FB7A00B5E2FE /* Item.swift */,
				56214A302DE93E3400B5E2FE /* Config.xcconfig */,
			);
			path = CurrencyConverter;
			sourceTree = "<group>";
		};
		56214A122DE8FB7E00B5E2FE /* UI */ = {
			isa = PBXGroup;
			children = (
				56214A1F2DE9152000B5E2FE /* Home */,
				56214A132DE8FE4800B5E2FE /* Currency.swift */,
			);
			path = UI;
			sourceTree = "<group>";
		};
		56214A1F2DE9152000B5E2FE /* Home */ = {
			isa = PBXGroup;
			children = (
				56214A092DE8FB7A00B5E2FE /* HomeView.swift */,
				56B78C8C2DEAF25500DA6D01 /* HistoryView */,
				56214A2D2DE9383700B5E2FE /* CurrencyConverter */,
			);
			path = Home;
			sourceTree = "<group>";
		};
		56214A202DE9152D00B5E2FE /* Views */ = {
			isa = PBXGroup;
			children = (
				56214A1D2DE9150600B5E2FE /* CurrencyInputView.swift */,
				56214A1B2DE914E700B5E2FE /* CurrencyOutputView.swift */,
				56214A192DE914CD00B5E2FE /* CurrencyPickerView.swift */,
			);
			path = Views;
			sourceTree = "<group>";
		};
		56214A252DE91BFF00B5E2FE /* Logic */ = {
			isa = PBXGroup;
			children = (
				56B78C912DEAF47600DA6D01 /* Networking */,
				56B78C902DEAF43900DA6D01 /* CurrencyService */,
				56B78C8F2DEAF43000DA6D01 /* CacheService */,
				56214A322DE93FDA00B5E2FE /* Environment.swift */,
			);
			path = Logic;
			sourceTree = "<group>";
		};
		56214A262DE922D400B5E2FE /* Entities */ = {
			isa = PBXGroup;
			children = (
				56214A272DE9231C00B5E2FE /* LatestRateResponse.swift */,
			);
			path = Entities;
			sourceTree = "<group>";
		};
		56214A2D2DE9383700B5E2FE /* CurrencyConverter */ = {
			isa = PBXGroup;
			children = (
				56214A202DE9152D00B5E2FE /* Views */,
				56214A152DE9004400B5E2FE /* ConvertationView.swift */,
				56214A2E2DE9387800B5E2FE /* CurrencyConverterViewModel.swift */,
			);
			path = CurrencyConverter;
			sourceTree = "<group>";
		};
		56B78C8C2DEAF25500DA6D01 /* HistoryView */ = {
			isa = PBXGroup;
			children = (
				56214A172DE9004A00B5E2FE /* HistoryView.swift */,
				56B78C922DEAFB0800DA6D01 /* HistoryViewModel.swift */,
			);
			path = HistoryView;
			sourceTree = "<group>";
		};
		56B78C8F2DEAF43000DA6D01 /* CacheService */ = {
			isa = PBXGroup;
			children = (
				56B78C8A2DEA776E00DA6D01 /* CurrencyCacheService.swift */,
				56B78C8D2DEAF41600DA6D01 /* CachedRates.swift */,
			);
			path = CacheService;
			sourceTree = "<group>";
		};
		56B78C902DEAF43900DA6D01 /* CurrencyService */ = {
			isa = PBXGroup;
			children = (
				56214A212DE91BEB00B5E2FE /* CurrencyService.swift */,
			);
			path = CurrencyService;
			sourceTree = "<group>";
		};
		56B78C912DEAF47600DA6D01 /* Networking */ = {
			isa = PBXGroup;
			children = (
				56214A2B2DE92B4900B5E2FE /* UrlBuilder.swift */,
				56214A292DE92B3E00B5E2FE /* URLSession.swift */,
			);
			path = Networking;
			sourceTree = "<group>";
		};
/* End PBXGroup section */

/* Begin PBXNativeTarget section */
		562149DC2DE8F7D500B5E2FE /* CurrencyConverter */ = {
			isa = PBXNativeTarget;
			buildConfigurationList = 562149ED2DE8F7D600B5E2FE /* Build configuration list for PBXNativeTarget "CurrencyConverter" */;
			buildPhases = (
				562149D92DE8F7D500B5E2FE /* Sources */,
				562149DA2DE8F7D500B5E2FE /* Frameworks */,
				562149DB2DE8F7D500B5E2FE /* Resources */,
			);
			buildRules = (
			);
			dependencies = (
			);
			name = CurrencyConverter;
			packageProductDependencies = (
			);
			productName = CurrencyConverter;
			productReference = 562149DD2DE8F7D500B5E2FE /* CurrencyConverter.app */;
			productType = "com.apple.product-type.application";
		};
/* End PBXNativeTarget section */

/* Begin PBXProject section */
		562149D52DE8F7D500B5E2FE /* Project object */ = {
			isa = PBXProject;
			attributes = {
				BuildIndependentTargetsInParallel = 1;
				LastSwiftUpdateCheck = 1620;
				LastUpgradeCheck = 1620;
				TargetAttributes = {
					562149DC2DE8F7D500B5E2FE = {
						CreatedOnToolsVersion = 16.2;
					};
				};
			};
			buildConfigurationList = 562149D82DE8F7D500B5E2FE /* Build configuration list for PBXProject "CurrencyConverter" */;
			developmentRegion = en;
			hasScannedForEncodings = 0;
			knownRegions = (
				en,
				Base,
			);
			mainGroup = 562149D42DE8F7D500B5E2FE;
			minimizedProjectReferenceProxies = 1;
			preferredProjectObjectVersion = 77;
			productRefGroup = 562149DE2DE8F7D500B5E2FE /* Products */;
			projectDirPath = "";
			projectRoot = "";
			targets = (
				562149DC2DE8F7D500B5E2FE /* CurrencyConverter */,
			);
		};
/* End PBXProject section */

/* Begin PBXResourcesBuildPhase section */
		562149DB2DE8F7D500B5E2FE /* Resources */ = {
			isa = PBXResourcesBuildPhase;
			buildActionMask = 2147483647;
			files = (
				56214A0D2DE8FB7A00B5E2FE /* Preview Assets.xcassets in Resources */,
				56214A312DE93E3400B5E2FE /* Config.xcconfig in Resources */,
				56214A0E2DE8FB7A00B5E2FE /* Assets.xcassets in Resources */,
			);
			runOnlyForDeploymentPostprocessing = 0;
		};
/* End PBXResourcesBuildPhase section */

/* Begin PBXSourcesBuildPhase section */
		562149D92DE8F7D500B5E2FE /* Sources */ = {
			isa = PBXSourcesBuildPhase;
			buildActionMask = 2147483647;
			files = (
				56214A222DE91BEB00B5E2FE /* CurrencyService.swift in Sources */,
				56B78C932DEAFB0800DA6D01 /* HistoryViewModel.swift in Sources */,
				56214A142DE8FE4800B5E2FE /* Currency.swift in Sources */,
				56214A2C2DE92B4900B5E2FE /* UrlBuilder.swift in Sources */,
				56214A2A2DE92B3E00B5E2FE /* URLSession.swift in Sources */,
				56214A332DE93FDA00B5E2FE /* Environment.swift in Sources */,
				56B78C8B2DEA776E00DA6D01 /* CurrencyCacheService.swift in Sources */,
				56214A282DE9231C00B5E2FE /* LatestRateResponse.swift in Sources */,
				56B78C8E2DEAF41600DA6D01 /* CachedRates.swift in Sources */,
				56214A1E2DE9150600B5E2FE /* CurrencyInputView.swift in Sources */,
				56214A182DE9004A00B5E2FE /* HistoryView.swift in Sources */,
				56214A1C2DE914E700B5E2FE /* CurrencyOutputView.swift in Sources */,
				56214A2F2DE9387800B5E2FE /* CurrencyConverterViewModel.swift in Sources */,
				56214A0F2DE8FB7A00B5E2FE /* HomeView.swift in Sources */,
				56214A162DE9004400B5E2FE /* ConvertationView.swift in Sources */,
				56214A1A2DE914CD00B5E2FE /* CurrencyPickerView.swift in Sources */,
				56214A102DE8FB7A00B5E2FE /* CurrencyConverterApp.swift in Sources */,
				56214A112DE8FB7A00B5E2FE /* Item.swift in Sources */,
			);
			runOnlyForDeploymentPostprocessing = 0;
		};
/* End PBXSourcesBuildPhase section */

/* Begin XCBuildConfiguration section */
		562149EB2DE8F7D600B5E2FE /* Debug */ = {
			isa = XCBuildConfiguration;
			baseConfigurationReference = 56214A302DE93E3400B5E2FE /* Config.xcconfig */;
			buildSettings = {
				ALWAYS_SEARCH_USER_PATHS = NO;
				ASSETCATALOG_COMPILER_GENERATE_SWIFT_ASSET_SYMBOL_EXTENSIONS = YES;
				CLANG_ANALYZER_NONNULL = YES;
				CLANG_ANALYZER_NUMBER_OBJECT_CONVERSION = YES_AGGRESSIVE;
				CLANG_CXX_LANGUAGE_STANDARD = "gnu++20";
				CLANG_ENABLE_MODULES = YES;
				CLANG_ENABLE_OBJC_ARC = YES;
				CLANG_ENABLE_OBJC_WEAK = YES;
				CLANG_WARN_BLOCK_CAPTURE_AUTORELEASING = YES;
				CLANG_WARN_BOOL_CONVERSION = YES;
				CLANG_WARN_COMMA = YES;
				CLANG_WARN_CONSTANT_CONVERSION = YES;
				CLANG_WARN_DEPRECATED_OBJC_IMPLEMENTATIONS = YES;
				CLANG_WARN_DIRECT_OBJC_ISA_USAGE = YES_ERROR;
				CLANG_WARN_DOCUMENTATION_COMMENTS = YES;
				CLANG_WARN_EMPTY_BODY = YES;
				CLANG_WARN_ENUM_CONVERSION = YES;
				CLANG_WARN_INFINITE_RECURSION = YES;
				CLANG_WARN_INT_CONVERSION = YES;
				CLANG_WARN_NON_LITERAL_NULL_CONVERSION = YES;
				CLANG_WARN_OBJC_IMPLICIT_RETAIN_SELF = YES;
				CLANG_WARN_OBJC_LITERAL_CONVERSION = YES;
				CLANG_WARN_OBJC_ROOT_CLASS = YES_ERROR;
				CLANG_WARN_QUOTED_INCLUDE_IN_FRAMEWORK_HEADER = YES;
				CLANG_WARN_RANGE_LOOP_ANALYSIS = YES;
				CLANG_WARN_STRICT_PROTOTYPES = YES;
				CLANG_WARN_SUSPICIOUS_MOVE = YES;
				CLANG_WARN_UNGUARDED_AVAILABILITY = YES_AGGRESSIVE;
				CLANG_WARN_UNREACHABLE_CODE = YES;
				CLANG_WARN__DUPLICATE_METHOD_MATCH = YES;
				COPY_PHASE_STRIP = NO;
				DEBUG_INFORMATION_FORMAT = dwarf;
				ENABLE_STRICT_OBJC_MSGSEND = YES;
				ENABLE_TESTABILITY = YES;
				ENABLE_USER_SCRIPT_SANDBOXING = YES;
				GCC_C_LANGUAGE_STANDARD = gnu17;
				GCC_DYNAMIC_NO_PIC = NO;
				GCC_NO_COMMON_BLOCKS = YES;
				GCC_OPTIMIZATION_LEVEL = 0;
				GCC_PREPROCESSOR_DEFINITIONS = (
					"DEBUG=1",
					"$(inherited)",
				);
				GCC_WARN_64_TO_32_BIT_CONVERSION = YES;
				GCC_WARN_ABOUT_RETURN_TYPE = YES_ERROR;
				GCC_WARN_UNDECLARED_SELECTOR = YES;
				GCC_WARN_UNINITIALIZED_AUTOS = YES_AGGRESSIVE;
				GCC_WARN_UNUSED_FUNCTION = YES;
				GCC_WARN_UNUSED_VARIABLE = YES;
				IPHONEOS_DEPLOYMENT_TARGET = 18.2;
				LOCALIZATION_PREFERS_STRING_CATALOGS = YES;
				MTL_ENABLE_DEBUG_INFO = INCLUDE_SOURCE;
				MTL_FAST_MATH = YES;
				ONLY_ACTIVE_ARCH = YES;
				SDKROOT = iphoneos;
				SWIFT_ACTIVE_COMPILATION_CONDITIONS = "DEBUG $(inherited)";
				SWIFT_OPTIMIZATION_LEVEL = "-Onone";
			};
			name = Debug;
		};
		562149EC2DE8F7D600B5E2FE /* Release */ = {
			isa = XCBuildConfiguration;
			baseConfigurationReference = 56214A302DE93E3400B5E2FE /* Config.xcconfig */;
			buildSettings = {
				ALWAYS_SEARCH_USER_PATHS = NO;
				ASSETCATALOG_COMPILER_GENERATE_SWIFT_ASSET_SYMBOL_EXTENSIONS = YES;
				CLANG_ANALYZER_NONNULL = YES;
				CLANG_ANALYZER_NUMBER_OBJECT_CONVERSION = YES_AGGRESSIVE;
				CLANG_CXX_LANGUAGE_STANDARD = "gnu++20";
				CLANG_ENABLE_MODULES = YES;
				CLANG_ENABLE_OBJC_ARC = YES;
				CLANG_ENABLE_OBJC_WEAK = YES;
				CLANG_WARN_BLOCK_CAPTURE_AUTORELEASING = YES;
				CLANG_WARN_BOOL_CONVERSION = YES;
				CLANG_WARN_COMMA = YES;
				CLANG_WARN_CONSTANT_CONVERSION = YES;
				CLANG_WARN_DEPRECATED_OBJC_IMPLEMENTATIONS = YES;
				CLANG_WARN_DIRECT_OBJC_ISA_USAGE = YES_ERROR;
				CLANG_WARN_DOCUMENTATION_COMMENTS = YES;
				CLANG_WARN_EMPTY_BODY = YES;
				CLANG_WARN_ENUM_CONVERSION = YES;
				CLANG_WARN_INFINITE_RECURSION = YES;
				CLANG_WARN_INT_CONVERSION = YES;
				CLANG_WARN_NON_LITERAL_NULL_CONVERSION = YES;
				CLANG_WARN_OBJC_IMPLICIT_RETAIN_SELF = YES;
				CLANG_WARN_OBJC_LITERAL_CONVERSION = YES;
				CLANG_WARN_OBJC_ROOT_CLASS = YES_ERROR;
				CLANG_WARN_QUOTED_INCLUDE_IN_FRAMEWORK_HEADER = YES;
				CLANG_WARN_RANGE_LOOP_ANALYSIS = YES;
				CLANG_WARN_STRICT_PROTOTYPES = YES;
				CLANG_WARN_SUSPICIOUS_MOVE = YES;
				CLANG_WARN_UNGUARDED_AVAILABILITY = YES_AGGRESSIVE;
				CLANG_WARN_UNREACHABLE_CODE = YES;
				CLANG_WARN__DUPLICATE_METHOD_MATCH = YES;
				COPY_PHASE_STRIP = NO;
				DEBUG_INFORMATION_FORMAT = "dwarf-with-dsym";
				ENABLE_NS_ASSERTIONS = NO;
				ENABLE_STRICT_OBJC_MSGSEND = YES;
				ENABLE_USER_SCRIPT_SANDBOXING = YES;
				GCC_C_LANGUAGE_STANDARD = gnu17;
				GCC_NO_COMMON_BLOCKS = YES;
				GCC_WARN_64_TO_32_BIT_CONVERSION = YES;
				GCC_WARN_ABOUT_RETURN_TYPE = YES_ERROR;
				GCC_WARN_UNDECLARED_SELECTOR = YES;
				GCC_WARN_UNINITIALIZED_AUTOS = YES_AGGRESSIVE;
				GCC_WARN_UNUSED_FUNCTION = YES;
				GCC_WARN_UNUSED_VARIABLE = YES;
				IPHONEOS_DEPLOYMENT_TARGET = 18.2;
				LOCALIZATION_PREFERS_STRING_CATALOGS = YES;
				MTL_ENABLE_DEBUG_INFO = NO;
				MTL_FAST_MATH = YES;
				SDKROOT = iphoneos;
				SWIFT_COMPILATION_MODE = wholemodule;
				VALIDATE_PRODUCT = YES;
			};
			name = Release;
		};
		562149EE2DE8F7D600B5E2FE /* Debug */ = {
			isa = XCBuildConfiguration;
			baseConfigurationReference = 56214A302DE93E3400B5E2FE /* Config.xcconfig */;
			buildSettings = {
				ASSETCATALOG_COMPILER_APPICON_NAME = AppIcon;
				ASSETCATALOG_COMPILER_GLOBAL_ACCENT_COLOR_NAME = AccentColor;
				CODE_SIGN_STYLE = Automatic;
				CURRENT_PROJECT_VERSION = 1;
				DEVELOPMENT_ASSET_PATHS = "\"CurrencyConverter/Preview Content\"";
				DEVELOPMENT_TEAM = T453GJ7576;
				ENABLE_PREVIEWS = YES;
				GENERATE_INFOPLIST_FILE = YES;
				INFOPLIST_FILE = CurrencyConverter/Info.plist;
				INFOPLIST_KEY_UIApplicationSceneManifest_Generation = YES;
				INFOPLIST_KEY_UIApplicationSupportsIndirectInputEvents = YES;
				INFOPLIST_KEY_UILaunchScreen_Generation = YES;
				INFOPLIST_KEY_UISupportedInterfaceOrientations_iPad = "UIInterfaceOrientationPortrait UIInterfaceOrientationPortraitUpsideDown UIInterfaceOrientationLandscapeLeft UIInterfaceOrientationLandscapeRight";
				INFOPLIST_KEY_UISupportedInterfaceOrientations_iPhone = "UIInterfaceOrientationPortrait UIInterfaceOrientationLandscapeLeft UIInterfaceOrientationLandscapeRight";
				LD_RUNPATH_SEARCH_PATHS = (
					"$(inherited)",
					"@executable_path/Frameworks",
				);
				MARKETING_VERSION = 1.0;
				PRODUCT_BUNDLE_IDENTIFIER = com.slavakorolevich.CurrencyConverter;
				PRODUCT_NAME = "$(TARGET_NAME)";
				SWIFT_EMIT_LOC_STRINGS = YES;
				SWIFT_VERSION = 5.0;
				TARGETED_DEVICE_FAMILY = "1,2";
			};
			name = Debug;
		};
		562149EF2DE8F7D600B5E2FE /* Release */ = {
			isa = XCBuildConfiguration;
			baseConfigurationReference = 56214A302DE93E3400B5E2FE /* Config.xcconfig */;
			buildSettings = {
				ASSETCATALOG_COMPILER_APPICON_NAME = AppIcon;
				ASSETCATALOG_COMPILER_GLOBAL_ACCENT_COLOR_NAME = AccentColor;
				CODE_SIGN_STYLE = Automatic;
				CURRENT_PROJECT_VERSION = 1;
				DEVELOPMENT_ASSET_PATHS = "\"CurrencyConverter/Preview Content\"";
				DEVELOPMENT_TEAM = T453GJ7576;
				ENABLE_PREVIEWS = YES;
				GENERATE_INFOPLIST_FILE = YES;
				INFOPLIST_FILE = CurrencyConverter/Info.plist;
				INFOPLIST_KEY_UIApplicationSceneManifest_Generation = YES;
				INFOPLIST_KEY_UIApplicationSupportsIndirectInputEvents = YES;
				INFOPLIST_KEY_UILaunchScreen_Generation = YES;
				INFOPLIST_KEY_UISupportedInterfaceOrientations_iPad = "UIInterfaceOrientationPortrait UIInterfaceOrientationPortraitUpsideDown UIInterfaceOrientationLandscapeLeft UIInterfaceOrientationLandscapeRight";
				INFOPLIST_KEY_UISupportedInterfaceOrientations_iPhone = "UIInterfaceOrientationPortrait UIInterfaceOrientationLandscapeLeft UIInterfaceOrientationLandscapeRight";
				LD_RUNPATH_SEARCH_PATHS = (
					"$(inherited)",
					"@executable_path/Frameworks",
				);
				MARKETING_VERSION = 1.0;
				PRODUCT_BUNDLE_IDENTIFIER = com.slavakorolevich.CurrencyConverter;
				PRODUCT_NAME = "$(TARGET_NAME)";
				SWIFT_EMIT_LOC_STRINGS = YES;
				SWIFT_VERSION = 5.0;
				TARGETED_DEVICE_FAMILY = "1,2";
			};
			name = Release;
		};
/* End XCBuildConfiguration section */

/* Begin XCConfigurationList section */
		562149D82DE8F7D500B5E2FE /* Build configuration list for PBXProject "CurrencyConverter" */ = {
			isa = XCConfigurationList;
			buildConfigurations = (
				562149EB2DE8F7D600B5E2FE /* Debug */,
				562149EC2DE8F7D600B5E2FE /* Release */,
			);
			defaultConfigurationIsVisible = 0;
			defaultConfigurationName = Release;
		};
		562149ED2DE8F7D600B5E2FE /* Build configuration list for PBXNativeTarget "CurrencyConverter" */ = {
			isa = XCConfigurationList;
			buildConfigurations = (
				562149EE2DE8F7D600B5E2FE /* Debug */,
				562149EF2DE8F7D600B5E2FE /* Release */,
			);
			defaultConfigurationIsVisible = 0;
			defaultConfigurationName = Release;
		};
/* End XCConfigurationList section */
	};
	rootObject = 562149D52DE8F7D500B5E2FE /* Project object */;
}
